
Microsoft Visual Studio Solution File, Format Version 12.00
# Visual Studio Version 17
VisualStudioVersion = 17.14.36811.4 d17.14
MinimumVisualStudioVersion = 10.0.40219.1
Project("{FAE04EC0-301F-11D3-BF4B-00C04F79EFBC}") = "agpracef", "agpracef\agpracef.csproj", "{CA419B79-654F-4CA0-82D0-A9B64D79D3F4}"
EndProject
Global
	GlobalSection(SolutionConfigurationPlatforms) = preSolution
		Debug|Any CPU = Debug|Any CPU
		Release|Any CPU = Release|Any CPU
	EndGlobalSection
	GlobalSection(ProjectConfigurationPlatforms) = postSolution
		{CA419B79-654F-4CA0-82D0-A9B64D79D3F4}.Debug|Any CPU.ActiveCfg = Debug|Any CPU
		{CA419B79-654F-4CA0-82D0-A9B64D79D3F4}.Debug|Any CPU.Build.0 = Debug|Any CPU
		{CA419B79-654F-4CA0-82D0-A9B64D79D3F4}.Release|Any CPU.ActiveCfg = Release|Any CPU
		{CA419B79-654F-4CA0-82D0-A9B64D79D3F4}.Release|Any CPU.Build.0 = Release|Any CPU
	EndGlobalSection
	GlobalSection(SolutionProperties) = preSolution
		HideSolutionNode = FALSE
	EndGlobalSection
	GlobalSection(ExtensibilityGlobals) = postSolution
		SolutionGuid = {02560EA5-998B-460D-9FB1-C1ED427912BA}
	EndGlobalSection
EndGlobal
