
Microsoft Visual Studio Solution File, Format Version 12.00
# Visual Studio Version 17
VisualStudioVersion = 17.14.36811.4 d17.14
MinimumVisualStudioVersion = 10.0.40219.1
Project("{FAE04EC0-301F-11D3-BF4B-00C04F79EFBC}") = "klklklmvc", "klklklmvc\klklklmvc.csproj", "{E046EECC-65A0-43E6-88BC-8D0111B38DD5}"
EndProject
Global
	GlobalSection(SolutionConfigurationPlatforms) = preSolution
		Debug|Any CPU = Debug|Any CPU
		Release|Any CPU = Release|Any CPU
	EndGlobalSection
	GlobalSection(ProjectConfigurationPlatforms) = postSolution
		{E046EECC-65A0-43E6-88BC-8D0111B38DD5}.Debug|Any CPU.ActiveCfg = Debug|Any CPU
		{E046EECC-65A0-43E6-88BC-8D0111B38DD5}.Debug|Any CPU.Build.0 = Debug|Any CPU
		{E046EECC-65A0-43E6-88BC-8D0111B38DD5}.Release|Any CPU.ActiveCfg = Release|Any CPU
		{E046EECC-65A0-43E6-88BC-8D0111B38DD5}.Release|Any CPU.Build.0 = Release|Any CPU
	EndGlobalSection
	GlobalSection(SolutionProperties) = preSolution
		HideSolutionNode = FALSE
	EndGlobalSection
	GlobalSection(ExtensibilityGlobals) = postSolution
		SolutionGuid = {7CFB2475-AC17-4349-8B2D-A80DA2A96637}
	EndGlobalSection
EndGlobal
