
Microsoft Visual Studio Solution File, Format Version 12.00
# Visual Studio Version 17
VisualStudioVersion = 17.14.36811.4 d17.14
MinimumVisualStudioVersion = 10.0.40219.1
Project("{FAE04EC0-301F-11D3-BF4B-00C04F79EFBC}") = "efprac", "efprac\efprac.csproj", "{4DA9D68B-8697-4782-B893-8D947D1E3A15}"
EndProject
Global
	GlobalSection(SolutionConfigurationPlatforms) = preSolution
		Debug|Any CPU = Debug|Any CPU
		Release|Any CPU = Release|Any CPU
	EndGlobalSection
	GlobalSection(ProjectConfigurationPlatforms) = postSolution
		{4DA9D68B-8697-4782-B893-8D947D1E3A15}.Debug|Any CPU.ActiveCfg = Debug|Any CPU
		{4DA9D68B-8697-4782-B893-8D947D1E3A15}.Debug|Any CPU.Build.0 = Debug|Any CPU
		{4DA9D68B-8697-4782-B893-8D947D1E3A15}.Release|Any CPU.ActiveCfg = Release|Any CPU
		{4DA9D68B-8697-4782-B893-8D947D1E3A15}.Release|Any CPU.Build.0 = Release|Any CPU
	EndGlobalSection
	GlobalSection(SolutionProperties) = preSolution
		HideSolutionNode = FALSE
	EndGlobalSection
	GlobalSection(ExtensibilityGlobals) = postSolution
		SolutionGuid = {88B2D6E9-BF30-481C-AF47-C438EC536265}
	EndGlobalSection
EndGlobal
