
Microsoft Visual Studio Solution File, Format Version 12.00
# Visual Studio Version 17
VisualStudioVersion = 17.14.36811.4 d17.14
MinimumVisualStudioVersion = 10.0.40219.1
Project("{FAE04EC0-301F-11D3-BF4B-00C04F79EFBC}") = "WebApplication2", "WebApplication2\WebApplication2.csproj", "{D73CFDEE-CA40-4D6C-9B96-5FAEC1D611FA}"
EndProject
Global
	GlobalSection(SolutionConfigurationPlatforms) = preSolution
		Debug|Any CPU = Debug|Any CPU
		Release|Any CPU = Release|Any CPU
	EndGlobalSection
	GlobalSection(ProjectConfigurationPlatforms) = postSolution
		{D73CFDEE-CA40-4D6C-9B96-5FAEC1D611FA}.Debug|Any CPU.ActiveCfg = Debug|Any CPU
		{D73CFDEE-CA40-4D6C-9B96-5FAEC1D611FA}.Debug|Any CPU.Build.0 = Debug|Any CPU
		{D73CFDEE-CA40-4D6C-9B96-5FAEC1D611FA}.Release|Any CPU.ActiveCfg = Release|Any CPU
		{D73CFDEE-CA40-4D6C-9B96-5FAEC1D611FA}.Release|Any CPU.Build.0 = Release|Any CPU
	EndGlobalSection
	GlobalSection(SolutionProperties) = preSolution
		HideSolutionNode = FALSE
	EndGlobalSection
	GlobalSection(ExtensibilityGlobals) = postSolution
		SolutionGuid = {AEB453E3-E0FB-456B-AA19-D7B0CA77B5E4}
	EndGlobalSection
EndGlobal
