
Microsoft Visual Studio Solution File, Format Version 12.00
# Visual Studio Version 17
VisualStudioVersion = 17.14.36811.4 d17.14
MinimumVisualStudioVersion = 10.0.40219.1
Project("{FAE04EC0-301F-11D3-BF4B-00C04F79EFBC}") = "mvcstudent", "mvcstudent\mvcstudent.csproj", "{983E7183-E03F-4828-A537-6C5147D76CDB}"
EndProject
Global
	GlobalSection(SolutionConfigurationPlatforms) = preSolution
		Debug|Any CPU = Debug|Any CPU
		Release|Any CPU = Release|Any CPU
	EndGlobalSection
	GlobalSection(ProjectConfigurationPlatforms) = postSolution
		{983E7183-E03F-4828-A537-6C5147D76CDB}.Debug|Any CPU.ActiveCfg = Debug|Any CPU
		{983E7183-E03F-4828-A537-6C5147D76CDB}.Debug|Any CPU.Build.0 = Debug|Any CPU
		{983E7183-E03F-4828-A537-6C5147D76CDB}.Release|Any CPU.ActiveCfg = Release|Any CPU
		{983E7183-E03F-4828-A537-6C5147D76CDB}.Release|Any CPU.Build.0 = Release|Any CPU
	EndGlobalSection
	GlobalSection(SolutionProperties) = preSolution
		HideSolutionNode = FALSE
	EndGlobalSection
	GlobalSection(ExtensibilityGlobals) = postSolution
		SolutionGuid = {83FDE81C-9769-4627-BA80-A1913A1B51AE}
	EndGlobalSection
EndGlobal
