
Microsoft Visual Studio Solution File, Format Version 12.00
# Visual Studio Version 17
VisualStudioVersion = 17.14.36811.4 d17.14
MinimumVisualStudioVersion = 10.0.40219.1
Project("{FAE04EC0-301F-11D3-BF4B-00C04F79EFBC}") = "condis", "condis\condis.csproj", "{0B7908D9-D5D7-4FA2-B839-135C2AA527DF}"
EndProject
Global
	GlobalSection(SolutionConfigurationPlatforms) = preSolution
		Debug|Any CPU = Debug|Any CPU
		Release|Any CPU = Release|Any CPU
	EndGlobalSection
	GlobalSection(ProjectConfigurationPlatforms) = postSolution
		{0B7908D9-D5D7-4FA2-B839-135C2AA527DF}.Debug|Any CPU.ActiveCfg = Debug|Any CPU
		{0B7908D9-D5D7-4FA2-B839-135C2AA527DF}.Debug|Any CPU.Build.0 = Debug|Any CPU
		{0B7908D9-D5D7-4FA2-B839-135C2AA527DF}.Release|Any CPU.ActiveCfg = Release|Any CPU
		{0B7908D9-D5D7-4FA2-B839-135C2AA527DF}.Release|Any CPU.Build.0 = Release|Any CPU
	EndGlobalSection
	GlobalSection(SolutionProperties) = preSolution
		HideSolutionNode = FALSE
	EndGlobalSection
	GlobalSection(ExtensibilityGlobals) = postSolution
		SolutionGuid = {D6074DE3-2E5E-4CC7-9F7F-AF1D9D7F5883}
	EndGlobalSection
EndGlobal
